
Microsoft Visual Studio Solution File, Format Version 12.00
# Visual Studio Version 17
VisualStudioVersion = 17.14.36511.14 d17.14
MinimumVisualStudioVersion = 10.0.40219.1
Project("{FAE04EC0-301F-11D3-BF4B-00C04F79EFBC}") = "ProductMonitor", "ProductMonitor\ProductMonitor.csproj", "{4F465185-7D44-4003-A6B8-23EF8261537B}"
EndProject
Project("{FAE04EC0-301F-11D3-BF4B-00C04F79EFBC}") = "ProductMonitorControlLibrary", "ProductMonitorControlLibrary\ProductMonitorControlLibrary.csproj", "{94C7C243-D709-4780-A64F-14BFC60184D6}"
EndProject
Global
	GlobalSection(SolutionConfigurationPlatforms) = preSolution
		Debug|Any CPU = Debug|Any CPU
		Release|Any CPU = Release|Any CPU
	EndGlobalSection
	GlobalSection(ProjectConfigurationPlatforms) = postSolution
		{4F465185-7D44-4003-A6B8-23EF8261537B}.Debug|Any CPU.ActiveCfg = Debug|Any CPU
		{4F465185-7D44-4003-A6B8-23EF8261537B}.Debug|Any CPU.Build.0 = Debug|Any CPU
		{4F465185-7D44-4003-A6B8-23EF8261537B}.Release|Any CPU.ActiveCfg = Release|Any CPU
		{4F465185-7D44-4003-A6B8-23EF8261537B}.Release|Any CPU.Build.0 = Release|Any CPU
		{94C7C243-D709-4780-A64F-14BFC60184D6}.Debug|Any CPU.ActiveCfg = Debug|Any CPU
		{94C7C243-D709-4780-A64F-14BFC60184D6}.Debug|Any CPU.Build.0 = Debug|Any CPU
		{94C7C243-D709-4780-A64F-14BFC60184D6}.Release|Any CPU.ActiveCfg = Release|Any CPU
		{94C7C243-D709-4780-A64F-14BFC60184D6}.Release|Any CPU.Build.0 = Release|Any CPU
	EndGlobalSection
	GlobalSection(SolutionProperties) = preSolution
		HideSolutionNode = FALSE
	EndGlobalSection
	GlobalSection(ExtensibilityGlobals) = postSolution
		SolutionGuid = {4D83639A-A8D8-42F7-A74C-45DA079F2CA0}
	EndGlobalSection
EndGlobal
